{
  "nodes": {
    "nixpkgs": {
      "locked": {
        "lastModified": 1682669017,
        "narHash": "sha256-Vi+p4y3wnl0/4gcwTdmCO398kKlDaUrNROtf3GOD2NY=",
        "owner": "nixos",
        "repo": "nixpkgs",
        "rev": "7449971a3ecf857b4a554cf79b1d9dcc1a4647d8",
        "type": "github"
      },
      "original": {
        "owner": "nixos",
        "ref": "nixos-22.11",
        "repo": "nixpkgs",
        "type": "github"
      }
    },
    "root": {
      "inputs": {
        "nixpkgs": "nixpkgs"
      }
    }
  },
  "root": "root",
  "version": 7
}
